// !$*UTF8*$!
{
	archiveVersion = 1;
	classes = {
	};
	objectVersion = 50;
	objects = {

/* Begin PBXBuildFile section */
		71FD900623B08E70007EA85D /* AppDelegate.swift in Sources */ = {isa = PBXBuildFile; fileRef = 71FD900523B08E70007EA85D /* AppDelegate.swift */; };
		71FD900823B08E70007EA85D /* ViewController.swift in Sources */ = {isa = PBXBuildFile; fileRef = 71FD900723B08E70007EA85D /* ViewController.swift */; };
		71FD900B23B08E70007EA85D /* Main.storyboard in Resources */ = {isa = PBXBuildFile; fileRef = 71FD900923B08E70007EA85D /* Main.storyboard */; };
		71FD900D23B08E7C007EA85D /* Assets.xcassets in Resources */ = {isa = PBXBuildFile; fileRef = 71FD900C23B08E7C007EA85D /* Assets.xcassets */; };
		71FD901023B08E7C007EA85D /* LaunchScreen.storyboard in Resources */ = {isa = PBXBuildFile; fileRef = 71FD900E23B08E7C007EA85D /* LaunchScreen.storyboard */; };
		71FD904B23B0CCD7007EA85D /* Book.m in Sources */ = {isa = PBXBuildFile; fileRef = 71FD904A23B0CCD7007EA85D /* Book.m */; };
/* End PBXBuildFile section */

/* Begin PBXFileReference section */
		71FD900223B08E70007EA85D /* Swift_&_Obj-C_code_mixing.app */ = {isa = PBXFileReference; explicitFileType = wrapper.application; includeInIndex = 0; path = "Swift_&_Obj-C_code_mixing.app"; sourceTree = BUILT_PRODUCTS_DIR; };
		71FD900523B08E70007EA85D /* AppDelegate.swift */ = {isa = PBXFileReference; lastKnownFileType = sourcecode.swift; path = AppDelegate.swift; sourceTree = "<group>"; };
		71FD900723B08E70007EA85D /* ViewController.swift */ = {isa = PBXFileReference; lastKnownFileType = sourcecode.swift; path = ViewController.swift; sourceTree = "<group>"; };
		71FD900A23B08E70007EA85D /* Base */ = {isa = PBXFileReference; lastKnownFileType = file.storyboard; name = Base; path = Base.lproj/Main.storyboard; sourceTree = "<group>"; };
		71FD900C23B08E7C007EA85D /* Assets.xcassets */ = {isa = PBXFileReference; lastKnownFileType = folder.assetcatalog; path = Assets.xcassets; sourceTree = "<group>"; };
		71FD900F23B08E7C007EA85D /* Base */ = {isa = PBXFileReference; lastKnownFileType = file.storyboard; name = Base; path = Base.lproj/LaunchScreen.storyboard; sourceTree = "<group>"; };
		71FD901123B08E7C007EA85D /* Info.plist */ = {isa = PBXFileReference; lastKnownFileType = text.plist.xml; path = Info.plist; sourceTree = "<group>"; };
		71FD903C23B0B96E007EA85D /* Swift_&_Obj-C_code_mixing-Bridging-Header.h */ = {isa = PBXFileReference; lastKnownFileType = sourcecode.c.h; path = "Swift_&_Obj-C_code_mixing-Bridging-Header.h"; sourceTree = "<group>"; };
		71FD904923B0CCD7007EA85D /* Book.h */ = {isa = PBXFileReference; lastKnownFileType = sourcecode.c.h; path = Book.h; sourceTree = "<group>"; };
		71FD904A23B0CCD7007EA85D /* Book.m */ = {isa = PBXFileReference; lastKnownFileType = sourcecode.c.objc; path = Book.m; sourceTree = "<group>"; };
/* End PBXFileReference section */

/* Begin PBXFrameworksBuildPhase section */
		71FD8FFF23B08E6F007EA85D /* Frameworks */ = {
			isa = PBXFrameworksBuildPhase;
			buildActionMask = 2147483647;
			files = (
			);
			runOnlyForDeploymentPostprocessing = 0;
		};
/* End PBXFrameworksBuildPhase section */

/* Begin PBXGroup section */
		71FD8FF923B08E6F007EA85D = {
			isa = PBXGroup;
			children = (
				71FD900423B08E70007EA85D /* Swift_&_Obj-C_code_mixing */,
				71FD900323B08E70007EA85D /* Products */,
			);
			sourceTree = "<group>";
		};
		71FD900323B08E70007EA85D /* Products */ = {
			isa = PBXGroup;
			children = (
				71FD900223B08E70007EA85D /* Swift_&_Obj-C_code_mixing.app */,
			);
			name = Products;
			sourceTree = "<group>";
		};
		71FD900423B08E70007EA85D /* Swift_&_Obj-C_code_mixing */ = {
			isa = PBXGroup;
			children = (
				71FD900523B08E70007EA85D /* AppDelegate.swift */,
				71FD900723B08E70007EA85D /* ViewController.swift */,
				71FD900923B08E70007EA85D /* Main.storyboard */,
				71FD900C23B08E7C007EA85D /* Assets.xcassets */,
				71FD900E23B08E7C007EA85D /* LaunchScreen.storyboard */,
				71FD901123B08E7C007EA85D /* Info.plist */,
				71FD903C23B0B96E007EA85D /* Swift_&_Obj-C_code_mixing-Bridging-Header.h */,
				71FD904923B0CCD7007EA85D /* Book.h */,
				71FD904A23B0CCD7007EA85D /* Book.m */,
			);
			path = "Swift_&_Obj-C_code_mixing";
			sourceTree = "<group>";
		};
/* End PBXGroup section */

/* Begin PBXNativeTarget section */
		71FD900123B08E6F007EA85D /* Swift_&_Obj-C_code_mixing */ = {
			isa = PBXNativeTarget;
			buildConfigurationList = 71FD901423B08E7C007EA85D /* Build configuration list for PBXNativeTarget "Swift_&_Obj-C_code_mixing" */;
			buildPhases = (
				71FD8FFE23B08E6F007EA85D /* Sources */,
				71FD8FFF23B08E6F007EA85D /* Frameworks */,
				71FD900023B08E6F007EA85D /* Resources */,
			);
			buildRules = (
			);
			dependencies = (
			);
			name = "Swift_&_Obj-C_code_mixing";
			productName = "Swift_&_Obj-C_code_mixing";
			productReference = 71FD900223B08E70007EA85D /* Swift_&_Obj-C_code_mixing.app */;
			productType = "com.apple.product-type.application";
		};
/* End PBXNativeTarget section */

/* Begin PBXProject section */
		71FD8FFA23B08E6F007EA85D /* Project object */ = {
			isa = PBXProject;
			attributes = {
				LastSwiftUpdateCheck = 1010;
				LastUpgradeCheck = 1010;
				ORGANIZATIONNAME = CG;
				TargetAttributes = {
					71FD900123B08E6F007EA85D = {
						CreatedOnToolsVersion = 10.1;
						LastSwiftMigration = 1010;
					};
				};
			};
			buildConfigurationList = 71FD8FFD23B08E6F007EA85D /* Build configuration list for PBXProject "Swift_&_Obj-C_code_mixing" */;
			compatibilityVersion = "Xcode 9.3";
			developmentRegion = en;
			hasScannedForEncodings = 0;
			knownRegions = (
				en,
				Base,
			);
			mainGroup = 71FD8FF923B08E6F007EA85D;
			productRefGroup = 71FD900323B08E70007EA85D /* Products */;
			projectDirPath = "";
			projectRoot = "";
			targets = (
				71FD900123B08E6F007EA85D /* Swift_&_Obj-C_code_mixing */,
			);
		};
/* End PBXProject section */

/* Begin PBXResourcesBuildPhase section */
		71FD900023B08E6F007EA85D /* Resources */ = {
			isa = PBXResourcesBuildPhase;
			buildActionMask = 2147483647;
			files = (
				71FD901023B08E7C007EA85D /* LaunchScreen.storyboard in Resources */,
				71FD900D23B08E7C007EA85D /* Assets.xcassets in Resources */,
				71FD900B23B08E70007EA85D /* Main.storyboard in Resources */,
			);
			runOnlyForDeploymentPostprocessing = 0;
		};
/* End PBXResourcesBuildPhase section */

/* Begin PBXSourcesBuildPhase section */
		71FD8FFE23B08E6F007EA85D /* Sources */ = {
			isa = PBXSourcesBuildPhase;
			buildActionMask = 2147483647;
			files = (
				71FD900823B08E70007EA85D /* ViewController.swift in Sources */,
				71FD904B23B0CCD7007EA85D /* Book.m in Sources */,
				71FD900623B08E70007EA85D /* AppDelegate.swift in Sources */,
			);
			runOnlyForDeploymentPostprocessing = 0;
		};
/* End PBXSourcesBuildPhase section */

/* Begin PBXVariantGroup section */
		71FD900923B08E70007EA85D /* Main.storyboard */ = {
			isa = PBXVariantGroup;
			children = (
				71FD900A23B08E70007EA85D /* Base */,
			);
			name = Main.storyboard;
			sourceTree = "<group>";
		};
		71FD900E23B08E7C007EA85D /* LaunchScreen.storyboard */ = {
			isa = PBXVariantGroup;
			children = (
				71FD900F23B08E7C007EA85D /* Base */,
			);
			name = LaunchScreen.storyboard;
			sourceTree = "<group>";
		};
/* End PBXVariantGroup section */

/* Begin XCBuildConfiguration section */
		71FD901223B08E7C007EA85D /* Debug */ = {
			isa = XCBuildConfiguration;
			buildSettings = {
				ALWAYS_SEARCH_USER_PATHS = NO;
				CLANG_ANALYZER_NONNULL = YES;
				CLANG_ANALYZER_NUMBER_OBJECT_CONVERSION = YES_AGGRESSIVE;
				CLANG_CXX_LANGUAGE_STANDARD = "gnu++14";
				CLANG_CXX_LIBRARY = "libc++";
				CLANG_ENABLE_MODULES = YES;
				CLANG_ENABLE_OBJC_ARC = YES;
				CLANG_ENABLE_OBJC_WEAK = YES;
				CLANG_WARN_BLOCK_CAPTURE_AUTORELEASING = YES;
				CLANG_WARN_BOOL_CONVERSION = YES;
				CLANG_WARN_COMMA = YES;
				CLANG_WARN_CONSTANT_CONVERSION = YES;
				CLANG_WARN_DEPRECATED_OBJC_IMPLEMENTATIONS = YES;
				CLANG_WARN_DIRECT_OBJC_ISA_USAGE = YES_ERROR;
				CLANG_WARN_DOCUMENTATION_COMMENTS = YES;
				CLANG_WARN_EMPTY_BODY = YES;
				CLANG_WARN_ENUM_CONVERSION = YES;
				CLANG_WARN_INFINITE_RECURSION = YES;
				CLANG_WARN_INT_CONVERSION = YES;
				CLANG_WARN_NON_LITERAL_NULL_CONVERSION = YES;
				CLANG_WARN_OBJC_IMPLICIT_RETAIN_SELF = YES;
				CLANG_WARN_OBJC_LITERAL_CONVERSION = YES;
				CLANG_WARN_OBJC_ROOT_CLASS = YES_ERROR;
				CLANG_WARN_RANGE_LOOP_ANALYSIS = YES;
				CLANG_WARN_STRICT_PROTOTYPES = YES;
				CLANG_WARN_SUSPICIOUS_MOVE = YES;
				CLANG_WARN_UNGUARDED_AVAILABILITY = YES_AGGRESSIVE;
				CLANG_WARN_UNREACHABLE_CODE = YES;
				CLANG_WARN__DUPLICATE_METHOD_MATCH = YES;
				CODE_SIGN_IDENTITY = "iPhone Developer";
				COPY_PHASE_STRIP = NO;
				DEBUG_INFORMATION_FORMAT = dwarf;
				ENABLE_STRICT_OBJC_MSGSEND = YES;
				ENABLE_TESTABILITY = YES;
				GCC_C_LANGUAGE_STANDARD = gnu11;
				GCC_DYNAMIC_NO_PIC = NO;
				GCC_NO_COMMON_BLOCKS = YES;
				GCC_OPTIMIZATION_LEVEL = 0;
				GCC_PREPROCESSOR_DEFINITIONS = (
					"DEBUG=1",
					"$(inherited)",
				);
				GCC_WARN_64_TO_32_BIT_CONVERSION = YES;
				GCC_WARN_ABOUT_RETURN_TYPE = YES_ERROR;
				GCC_WARN_UNDECLARED_SELECTOR = YES;
				GCC_WARN_UNINITIALIZED_AUTOS = YES_AGGRESSIVE;
				GCC_WARN_UNUSED_FUNCTION = YES;
				GCC_WARN_UNUSED_VARIABLE = YES;
				IPHONEOS_DEPLOYMENT_TARGET = 12.1;
				MTL_ENABLE_DEBUG_INFO = INCLUDE_SOURCE;
				MTL_FAST_MATH = YES;
				ONLY_ACTIVE_ARCH = YES;
				SDKROOT = iphoneos;
				SWIFT_ACTIVE_COMPILATION_CONDITIONS = DEBUG;
				SWIFT_OPTIMIZATION_LEVEL = "-Onone";
			};
			name = Debug;
		};
		71FD901323B08E7C007EA85D /* Release */ = {
			isa = XCBuildConfiguration;
			buildSettings = {
				ALWAYS_SEARCH_USER_PATHS = NO;
				CLANG_ANALYZER_NONNULL = YES;
				CLANG_ANALYZER_NUMBER_OBJECT_CONVERSION = YES_AGGRESSIVE;
				CLANG_CXX_LANGUAGE_STANDARD = "gnu++14";
				CLANG_CXX_LIBRARY = "libc++";
				CLANG_ENABLE_MODULES = YES;
				CLANG_ENABLE_OBJC_ARC = YES;
				CLANG_ENABLE_OBJC_WEAK = YES;
				CLANG_WARN_BLOCK_CAPTURE_AUTORELEASING = YES;
				CLANG_WARN_BOOL_CONVERSION = YES;
				CLANG_WARN_COMMA = YES;
				CLANG_WARN_CONSTANT_CONVERSION = YES;
				CLANG_WARN_DEPRECATED_OBJC_IMPLEMENTATIONS = YES;
				CLANG_WARN_DIRECT_OBJC_ISA_USAGE = YES_ERROR;
				CLANG_WARN_DOCUMENTATION_COMMENTS = YES;
				CLANG_WARN_EMPTY_BODY = YES;
				CLANG_WARN_ENUM_CONVERSION = YES;
				CLANG_WARN_INFINITE_RECURSION = YES;
				CLANG_WARN_INT_CONVERSION = YES;
				CLANG_WARN_NON_LITERAL_NULL_CONVERSION = YES;
				CLANG_WARN_OBJC_IMPLICIT_RETAIN_SELF = YES;
				CLANG_WARN_OBJC_LITERAL_CONVERSION = YES;
				CLANG_WARN_OBJC_ROOT_CLASS = YES_ERROR;
				CLANG_WARN_RANGE_LOOP_ANALYSIS = YES;
				CLANG_WARN_STRICT_PROTOTYPES = YES;
				CLANG_WARN_SUSPICIOUS_MOVE = YES;
				CLANG_WARN_UNGUARDED_AVAILABILITY = YES_AGGRESSIVE;
				CLANG_WARN_UNREACHABLE_CODE = YES;
				CLANG_WARN__DUPLICATE_METHOD_MATCH = YES;
				CODE_SIGN_IDENTITY = "iPhone Developer";
				COPY_PHASE_STRIP = NO;
				DEBUG_INFORMATION_FORMAT = "dwarf-with-dsym";
				ENABLE_NS_ASSERTIONS = NO;
				ENABLE_STRICT_OBJC_MSGSEND = YES;
				GCC_C_LANGUAGE_STANDARD = gnu11;
				GCC_NO_COMMON_BLOCKS = YES;
				GCC_WARN_64_TO_32_BIT_CONVERSION = YES;
				GCC_WARN_ABOUT_RETURN_TYPE = YES_ERROR;
				GCC_WARN_UNDECLARED_SELECTOR = YES;
				GCC_WARN_UNINITIALIZED_AUTOS = YES_AGGRESSIVE;
				GCC_WARN_UNUSED_FUNCTION = YES;
				GCC_WARN_UNUSED_VARIABLE = YES;
				IPHONEOS_DEPLOYMENT_TARGET = 12.1;
				MTL_ENABLE_DEBUG_INFO = NO;
				MTL_FAST_MATH = YES;
				SDKROOT = iphoneos;
				SWIFT_COMPILATION_MODE = wholemodule;
				SWIFT_OPTIMIZATION_LEVEL = "-O";
				VALIDATE_PRODUCT = YES;
			};
			name = Release;
		};
		71FD901523B08E7C007EA85D /* Debug */ = {
			isa = XCBuildConfiguration;
			buildSettings = {
				ASSETCATALOG_COMPILER_APPICON_NAME = AppIcon;
				CLANG_ENABLE_MODULES = YES;
				CODE_SIGN_STYLE = Automatic;
				DEFINES_MODULE = YES;
				INFOPLIST_FILE = "Swift_&_Obj-C_code_mixing/Info.plist";
				LD_RUNPATH_SEARCH_PATHS = (
					"$(inherited)",
					"@executable_path/Frameworks",
				);
				PRODUCT_BUNDLE_IDENTIFIER = "com.cg.Swift---Obj-C-code-mixing";
				PRODUCT_NAME = "$(TARGET_NAME)";
				SWIFT_OBJC_BRIDGING_HEADER = "Swift_&_Obj-C_code_mixing/Swift_&_Obj-C_code_mixing-Bridging-Header.h";
				SWIFT_OPTIMIZATION_LEVEL = "-Onone";
				SWIFT_VERSION = 4.2;
				TARGETED_DEVICE_FAMILY = "1,2";
			};
			name = Debug;
		};
		71FD901623B08E7C007EA85D /* Release */ = {
			isa = XCBuildConfiguration;
			buildSettings = {
				ASSETCATALOG_COMPILER_APPICON_NAME = AppIcon;
				CLANG_ENABLE_MODULES = YES;
				CODE_SIGN_STYLE = Automatic;
				DEFINES_MODULE = YES;
				INFOPLIST_FILE = "Swift_&_Obj-C_code_mixing/Info.plist";
				LD_RUNPATH_SEARCH_PATHS = (
					"$(inherited)",
					"@executable_path/Frameworks",
				);
				PRODUCT_BUNDLE_IDENTIFIER = "com.cg.Swift---Obj-C-code-mixing";
				PRODUCT_NAME = "$(TARGET_NAME)";
				SWIFT_OBJC_BRIDGING_HEADER = "Swift_&_Obj-C_code_mixing/Swift_&_Obj-C_code_mixing-Bridging-Header.h";
				SWIFT_VERSION = 4.2;
				TARGETED_DEVICE_FAMILY = "1,2";
			};
			name = Release;
		};
/* End XCBuildConfiguration section */

/* Begin XCConfigurationList section */
		71FD8FFD23B08E6F007EA85D /* Build configuration list for PBXProject "Swift_&_Obj-C_code_mixing" */ = {
			isa = XCConfigurationList;
			buildConfigurations = (
				71FD901223B08E7C007EA85D /* Debug */,
				71FD901323B08E7C007EA85D /* Release */,
			);
			defaultConfigurationIsVisible = 0;
			defaultConfigurationName = Release;
		};
		71FD901423B08E7C007EA85D /* Build configuration list for PBXNativeTarget "Swift_&_Obj-C_code_mixing" */ = {
			isa = XCConfigurationList;
			buildConfigurations = (
				71FD901523B08E7C007EA85D /* Debug */,
				71FD901623B08E7C007EA85D /* Release */,
			);
			defaultConfigurationIsVisible = 0;
			defaultConfigurationName = Release;
		};
/* End XCConfigurationList section */
	};
	rootObject = 71FD8FFA23B08E6F007EA85D /* Project object */;
}
