// !$*UTF8*$!
{
	archiveVersion = 1;
	classes = {
	};
	objectVersion = 50;
	objects = {

/* Begin PBXBuildFile section */
		7141535D238E570100B3B8C4 /* SimpleTableCell.m in Sources */ = {isa = PBXBuildFile; fileRef = 7141535C238E570100B3B8C4 /* SimpleTableCell.m */; };
		71415360238E8CAE00B3B8C4 /* SecondViewController.m in Sources */ = {isa = PBXBuildFile; fileRef = 7141535F238E8CAE00B3B8C4 /* SecondViewController.m */; };
		717220E5238D5CC8009A9EFD /* AppDelegate.m in Sources */ = {isa = PBXBuildFile; fileRef = 717220E4238D5CC8009A9EFD /* AppDelegate.m */; };
		717220E8238D5CC8009A9EFD /* ViewController.m in Sources */ = {isa = PBXBuildFile; fileRef = 717220E7238D5CC8009A9EFD /* ViewController.m */; };
		717220EB238D5CC8009A9EFD /* Main.storyboard in Resources */ = {isa = PBXBuildFile; fileRef = 717220E9238D5CC8009A9EFD /* Main.storyboard */; };
		717220ED238D5CCF009A9EFD /* Assets.xcassets in Resources */ = {isa = PBXBuildFile; fileRef = 717220EC238D5CCF009A9EFD /* Assets.xcassets */; };
		717220F0238D5CCF009A9EFD /* LaunchScreen.storyboard in Resources */ = {isa = PBXBuildFile; fileRef = 717220EE238D5CCF009A9EFD /* LaunchScreen.storyboard */; };
		717220F3238D5CCF009A9EFD /* main.m in Sources */ = {isa = PBXBuildFile; fileRef = 717220F2238D5CCF009A9EFD /* main.m */; };
/* End PBXBuildFile section */

/* Begin PBXFileReference section */
		7141535B238E570100B3B8C4 /* SimpleTableCell.h */ = {isa = PBXFileReference; lastKnownFileType = sourcecode.c.h; path = SimpleTableCell.h; sourceTree = "<group>"; };
		7141535C238E570100B3B8C4 /* SimpleTableCell.m */ = {isa = PBXFileReference; lastKnownFileType = sourcecode.c.objc; path = SimpleTableCell.m; sourceTree = "<group>"; };
		7141535E238E8CAE00B3B8C4 /* SecondViewController.h */ = {isa = PBXFileReference; lastKnownFileType = sourcecode.c.h; path = SecondViewController.h; sourceTree = "<group>"; };
		7141535F238E8CAE00B3B8C4 /* SecondViewController.m */ = {isa = PBXFileReference; lastKnownFileType = sourcecode.c.objc; path = SecondViewController.m; sourceTree = "<group>"; };
		717220E0238D5CC8009A9EFD /* TableViewProject.app */ = {isa = PBXFileReference; explicitFileType = wrapper.application; includeInIndex = 0; path = TableViewProject.app; sourceTree = BUILT_PRODUCTS_DIR; };
		717220E3238D5CC8009A9EFD /* AppDelegate.h */ = {isa = PBXFileReference; lastKnownFileType = sourcecode.c.h; path = AppDelegate.h; sourceTree = "<group>"; };
		717220E4238D5CC8009A9EFD /* AppDelegate.m */ = {isa = PBXFileReference; lastKnownFileType = sourcecode.c.objc; path = AppDelegate.m; sourceTree = "<group>"; };
		717220E6238D5CC8009A9EFD /* ViewController.h */ = {isa = PBXFileReference; lastKnownFileType = sourcecode.c.h; path = ViewController.h; sourceTree = "<group>"; };
		717220E7238D5CC8009A9EFD /* ViewController.m */ = {isa = PBXFileReference; lastKnownFileType = sourcecode.c.objc; path = ViewController.m; sourceTree = "<group>"; };
		717220EA238D5CC8009A9EFD /* Base */ = {isa = PBXFileReference; lastKnownFileType = file.storyboard; name = Base; path = Base.lproj/Main.storyboard; sourceTree = "<group>"; };
		717220EC238D5CCF009A9EFD /* Assets.xcassets */ = {isa = PBXFileReference; lastKnownFileType = folder.assetcatalog; path = Assets.xcassets; sourceTree = "<group>"; };
		717220EF238D5CCF009A9EFD /* Base */ = {isa = PBXFileReference; lastKnownFileType = file.storyboard; name = Base; path = Base.lproj/LaunchScreen.storyboard; sourceTree = "<group>"; };
		717220F1238D5CCF009A9EFD /* Info.plist */ = {isa = PBXFileReference; lastKnownFileType = text.plist.xml; path = Info.plist; sourceTree = "<group>"; };
		717220F2238D5CCF009A9EFD /* main.m */ = {isa = PBXFileReference; lastKnownFileType = sourcecode.c.objc; path = main.m; sourceTree = "<group>"; };
/* End PBXFileReference section */

/* Begin PBXFrameworksBuildPhase section */
		717220DD238D5CC8009A9EFD /* Frameworks */ = {
			isa = PBXFrameworksBuildPhase;
			buildActionMask = 2147483647;
			files = (
			);
			runOnlyForDeploymentPostprocessing = 0;
		};
/* End PBXFrameworksBuildPhase section */

/* Begin PBXGroup section */
		717220D7238D5CC8009A9EFD = {
			isa = PBXGroup;
			children = (
				717220E2238D5CC8009A9EFD /* TableViewProject */,
				717220E1238D5CC8009A9EFD /* Products */,
			);
			sourceTree = "<group>";
		};
		717220E1238D5CC8009A9EFD /* Products */ = {
			isa = PBXGroup;
			children = (
				717220E0238D5CC8009A9EFD /* TableViewProject.app */,
			);
			name = Products;
			sourceTree = "<group>";
		};
		717220E2238D5CC8009A9EFD /* TableViewProject */ = {
			isa = PBXGroup;
			children = (
				717220E3238D5CC8009A9EFD /* AppDelegate.h */,
				717220E4238D5CC8009A9EFD /* AppDelegate.m */,
				717220E6238D5CC8009A9EFD /* ViewController.h */,
				717220E7238D5CC8009A9EFD /* ViewController.m */,
				717220E9238D5CC8009A9EFD /* Main.storyboard */,
				717220EC238D5CCF009A9EFD /* Assets.xcassets */,
				717220EE238D5CCF009A9EFD /* LaunchScreen.storyboard */,
				717220F1238D5CCF009A9EFD /* Info.plist */,
				717220F2238D5CCF009A9EFD /* main.m */,
				7141535B238E570100B3B8C4 /* SimpleTableCell.h */,
				7141535C238E570100B3B8C4 /* SimpleTableCell.m */,
				7141535E238E8CAE00B3B8C4 /* SecondViewController.h */,
				7141535F238E8CAE00B3B8C4 /* SecondViewController.m */,
			);
			path = TableViewProject;
			sourceTree = "<group>";
		};
/* End PBXGroup section */

/* Begin PBXNativeTarget section */
		717220DF238D5CC8009A9EFD /* TableViewProject */ = {
			isa = PBXNativeTarget;
			buildConfigurationList = 717220F6238D5CCF009A9EFD /* Build configuration list for PBXNativeTarget "TableViewProject" */;
			buildPhases = (
				717220DC238D5CC8009A9EFD /* Sources */,
				717220DD238D5CC8009A9EFD /* Frameworks */,
				717220DE238D5CC8009A9EFD /* Resources */,
			);
			buildRules = (
			);
			dependencies = (
			);
			name = TableViewProject;
			productName = TableViewProject;
			productReference = 717220E0238D5CC8009A9EFD /* TableViewProject.app */;
			productType = "com.apple.product-type.application";
		};
/* End PBXNativeTarget section */

/* Begin PBXProject section */
		717220D8238D5CC8009A9EFD /* Project object */ = {
			isa = PBXProject;
			attributes = {
				LastUpgradeCheck = 1010;
				ORGANIZATIONNAME = CG;
				TargetAttributes = {
					717220DF238D5CC8009A9EFD = {
						CreatedOnToolsVersion = 10.1;
					};
				};
			};
			buildConfigurationList = 717220DB238D5CC8009A9EFD /* Build configuration list for PBXProject "TableViewProject" */;
			compatibilityVersion = "Xcode 9.3";
			developmentRegion = en;
			hasScannedForEncodings = 0;
			knownRegions = (
				en,
				Base,
			);
			mainGroup = 717220D7238D5CC8009A9EFD;
			productRefGroup = 717220E1238D5CC8009A9EFD /* Products */;
			projectDirPath = "";
			projectRoot = "";
			targets = (
				717220DF238D5CC8009A9EFD /* TableViewProject */,
			);
		};
/* End PBXProject section */

/* Begin PBXResourcesBuildPhase section */
		717220DE238D5CC8009A9EFD /* Resources */ = {
			isa = PBXResourcesBuildPhase;
			buildActionMask = 2147483647;
			files = (
				717220F0238D5CCF009A9EFD /* LaunchScreen.storyboard in Resources */,
				717220ED238D5CCF009A9EFD /* Assets.xcassets in Resources */,
				717220EB238D5CC8009A9EFD /* Main.storyboard in Resources */,
			);
			runOnlyForDeploymentPostprocessing = 0;
		};
/* End PBXResourcesBuildPhase section */

/* Begin PBXSourcesBuildPhase section */
		717220DC238D5CC8009A9EFD /* Sources */ = {
			isa = PBXSourcesBuildPhase;
			buildActionMask = 2147483647;
			files = (
				71415360238E8CAE00B3B8C4 /* SecondViewController.m in Sources */,
				717220E8238D5CC8009A9EFD /* ViewController.m in Sources */,
				717220F3238D5CCF009A9EFD /* main.m in Sources */,
				7141535D238E570100B3B8C4 /* SimpleTableCell.m in Sources */,
				717220E5238D5CC8009A9EFD /* AppDelegate.m in Sources */,
			);
			runOnlyForDeploymentPostprocessing = 0;
		};
/* End PBXSourcesBuildPhase section */

/* Begin PBXVariantGroup section */
		717220E9238D5CC8009A9EFD /* Main.storyboard */ = {
			isa = PBXVariantGroup;
			children = (
				717220EA238D5CC8009A9EFD /* Base */,
			);
			name = Main.storyboard;
			sourceTree = "<group>";
		};
		717220EE238D5CCF009A9EFD /* LaunchScreen.storyboard */ = {
			isa = PBXVariantGroup;
			children = (
				717220EF238D5CCF009A9EFD /* Base */,
			);
			name = LaunchScreen.storyboard;
			sourceTree = "<group>";
		};
/* End PBXVariantGroup section */

/* Begin XCBuildConfiguration section */
		717220F4238D5CCF009A9EFD /* Debug */ = {
			isa = XCBuildConfiguration;
			buildSettings = {
				ALWAYS_SEARCH_USER_PATHS = NO;
				CLANG_ANALYZER_NONNULL = YES;
				CLANG_ANALYZER_NUMBER_OBJECT_CONVERSION = YES_AGGRESSIVE;
				CLANG_CXX_LANGUAGE_STANDARD = "gnu++14";
				CLANG_CXX_LIBRARY = "libc++";
				CLANG_ENABLE_MODULES = YES;
				CLANG_ENABLE_OBJC_ARC = YES;
				CLANG_ENABLE_OBJC_WEAK = YES;
				CLANG_WARN_BLOCK_CAPTURE_AUTORELEASING = YES;
				CLANG_WARN_BOOL_CONVERSION = YES;
				CLANG_WARN_COMMA = YES;
				CLANG_WARN_CONSTANT_CONVERSION = YES;
				CLANG_WARN_DEPRECATED_OBJC_IMPLEMENTATIONS = YES;
				CLANG_WARN_DIRECT_OBJC_ISA_USAGE = YES_ERROR;
				CLANG_WARN_DOCUMENTATION_COMMENTS = YES;
				CLANG_WARN_EMPTY_BODY = YES;
				CLANG_WARN_ENUM_CONVERSION = YES;
				CLANG_WARN_INFINITE_RECURSION = YES;
				CLANG_WARN_INT_CONVERSION = YES;
				CLANG_WARN_NON_LITERAL_NULL_CONVERSION = YES;
				CLANG_WARN_OBJC_IMPLICIT_RETAIN_SELF = YES;
				CLANG_WARN_OBJC_LITERAL_CONVERSION = YES;
				CLANG_WARN_OBJC_ROOT_CLASS = YES_ERROR;
				CLANG_WARN_RANGE_LOOP_ANALYSIS = YES;
				CLANG_WARN_STRICT_PROTOTYPES = YES;
				CLANG_WARN_SUSPICIOUS_MOVE = YES;
				CLANG_WARN_UNGUARDED_AVAILABILITY = YES_AGGRESSIVE;
				CLANG_WARN_UNREACHABLE_CODE = YES;
				CLANG_WARN__DUPLICATE_METHOD_MATCH = YES;
				CODE_SIGN_IDENTITY = "iPhone Developer";
				COPY_PHASE_STRIP = NO;
				DEBUG_INFORMATION_FORMAT = dwarf;
				ENABLE_STRICT_OBJC_MSGSEND = YES;
				ENABLE_TESTABILITY = YES;
				GCC_C_LANGUAGE_STANDARD = gnu11;
				GCC_DYNAMIC_NO_PIC = NO;
				GCC_NO_COMMON_BLOCKS = YES;
				GCC_OPTIMIZATION_LEVEL = 0;
				GCC_PREPROCESSOR_DEFINITIONS = (
					"DEBUG=1",
					"$(inherited)",
				);
				GCC_WARN_64_TO_32_BIT_CONVERSION = YES;
				GCC_WARN_ABOUT_RETURN_TYPE = YES_ERROR;
				GCC_WARN_UNDECLARED_SELECTOR = YES;
				GCC_WARN_UNINITIALIZED_AUTOS = YES_AGGRESSIVE;
				GCC_WARN_UNUSED_FUNCTION = YES;
				GCC_WARN_UNUSED_VARIABLE = YES;
				IPHONEOS_DEPLOYMENT_TARGET = 12.1;
				MTL_ENABLE_DEBUG_INFO = INCLUDE_SOURCE;
				MTL_FAST_MATH = YES;
				ONLY_ACTIVE_ARCH = YES;
				SDKROOT = iphoneos;
			};
			name = Debug;
		};
		717220F5238D5CCF009A9EFD /* Release */ = {
			isa = XCBuildConfiguration;
			buildSettings = {
				ALWAYS_SEARCH_USER_PATHS = NO;
				CLANG_ANALYZER_NONNULL = YES;
				CLANG_ANALYZER_NUMBER_OBJECT_CONVERSION = YES_AGGRESSIVE;
				CLANG_CXX_LANGUAGE_STANDARD = "gnu++14";
				CLANG_CXX_LIBRARY = "libc++";
				CLANG_ENABLE_MODULES = YES;
				CLANG_ENABLE_OBJC_ARC = YES;
				CLANG_ENABLE_OBJC_WEAK = YES;
				CLANG_WARN_BLOCK_CAPTURE_AUTORELEASING = YES;
				CLANG_WARN_BOOL_CONVERSION = YES;
				CLANG_WARN_COMMA = YES;
				CLANG_WARN_CONSTANT_CONVERSION = YES;
				CLANG_WARN_DEPRECATED_OBJC_IMPLEMENTATIONS = YES;
				CLANG_WARN_DIRECT_OBJC_ISA_USAGE = YES_ERROR;
				CLANG_WARN_DOCUMENTATION_COMMENTS = YES;
				CLANG_WARN_EMPTY_BODY = YES;
				CLANG_WARN_ENUM_CONVERSION = YES;
				CLANG_WARN_INFINITE_RECURSION = YES;
				CLANG_WARN_INT_CONVERSION = YES;
				CLANG_WARN_NON_LITERAL_NULL_CONVERSION = YES;
				CLANG_WARN_OBJC_IMPLICIT_RETAIN_SELF = YES;
				CLANG_WARN_OBJC_LITERAL_CONVERSION = YES;
				CLANG_WARN_OBJC_ROOT_CLASS = YES_ERROR;
				CLANG_WARN_RANGE_LOOP_ANALYSIS = YES;
				CLANG_WARN_STRICT_PROTOTYPES = YES;
				CLANG_WARN_SUSPICIOUS_MOVE = YES;
				CLANG_WARN_UNGUARDED_AVAILABILITY = YES_AGGRESSIVE;
				CLANG_WARN_UNREACHABLE_CODE = YES;
				CLANG_WARN__DUPLICATE_METHOD_MATCH = YES;
				CODE_SIGN_IDENTITY = "iPhone Developer";
				COPY_PHASE_STRIP = NO;
				DEBUG_INFORMATION_FORMAT = "dwarf-with-dsym";
				ENABLE_NS_ASSERTIONS = NO;
				ENABLE_STRICT_OBJC_MSGSEND = YES;
				GCC_C_LANGUAGE_STANDARD = gnu11;
				GCC_NO_COMMON_BLOCKS = YES;
				GCC_WARN_64_TO_32_BIT_CONVERSION = YES;
				GCC_WARN_ABOUT_RETURN_TYPE = YES_ERROR;
				GCC_WARN_UNDECLARED_SELECTOR = YES;
				GCC_WARN_UNINITIALIZED_AUTOS = YES_AGGRESSIVE;
				GCC_WARN_UNUSED_FUNCTION = YES;
				GCC_WARN_UNUSED_VARIABLE = YES;
				IPHONEOS_DEPLOYMENT_TARGET = 12.1;
				MTL_ENABLE_DEBUG_INFO = NO;
				MTL_FAST_MATH = YES;
				SDKROOT = iphoneos;
				VALIDATE_PRODUCT = YES;
			};
			name = Release;
		};
		717220F7238D5CCF009A9EFD /* Debug */ = {
			isa = XCBuildConfiguration;
			buildSettings = {
				ASSETCATALOG_COMPILER_APPICON_NAME = AppIcon;
				CODE_SIGN_STYLE = Automatic;
				INFOPLIST_FILE = TableViewProject/Info.plist;
				LD_RUNPATH_SEARCH_PATHS = (
					"$(inherited)",
					"@executable_path/Frameworks",
				);
				PRODUCT_BUNDLE_IDENTIFIER = com.cg.TableViewProject;
				PRODUCT_NAME = "$(TARGET_NAME)";
				TARGETED_DEVICE_FAMILY = "1,2";
			};
			name = Debug;
		};
		717220F8238D5CCF009A9EFD /* Release */ = {
			isa = XCBuildConfiguration;
			buildSettings = {
				ASSETCATALOG_COMPILER_APPICON_NAME = AppIcon;
				CODE_SIGN_STYLE = Automatic;
				INFOPLIST_FILE = TableViewProject/Info.plist;
				LD_RUNPATH_SEARCH_PATHS = (
					"$(inherited)",
					"@executable_path/Frameworks",
				);
				PRODUCT_BUNDLE_IDENTIFIER = com.cg.TableViewProject;
				PRODUCT_NAME = "$(TARGET_NAME)";
				TARGETED_DEVICE_FAMILY = "1,2";
			};
			name = Release;
		};
/* End XCBuildConfiguration section */

/* Begin XCConfigurationList section */
		717220DB238D5CC8009A9EFD /* Build configuration list for PBXProject "TableViewProject" */ = {
			isa = XCConfigurationList;
			buildConfigurations = (
				717220F4238D5CCF009A9EFD /* Debug */,
				717220F5238D5CCF009A9EFD /* Release */,
			);
			defaultConfigurationIsVisible = 0;
			defaultConfigurationName = Release;
		};
		717220F6238D5CCF009A9EFD /* Build configuration list for PBXNativeTarget "TableViewProject" */ = {
			isa = XCConfigurationList;
			buildConfigurations = (
				717220F7238D5CCF009A9EFD /* Debug */,
				717220F8238D5CCF009A9EFD /* Release */,
			);
			defaultConfigurationIsVisible = 0;
			defaultConfigurationName = Release;
		};
/* End XCConfigurationList section */
	};
	rootObject = 717220D8238D5CC8009A9EFD /* Project object */;
}
