// !$*UTF8*$!
{
	archiveVersion = 1;
	classes = {
	};
	objectVersion = 50;
	objects = {

/* Begin PBXBuildFile section */
		71BBF1E823B225E700E69A6C /* AppDelegate.swift in Sources */ = {isa = PBXBuildFile; fileRef = 71BBF1E723B225E700E69A6C /* AppDelegate.swift */; };
		71BBF1EA23B225E700E69A6C /* ViewController.swift in Sources */ = {isa = PBXBuildFile; fileRef = 71BBF1E923B225E700E69A6C /* ViewController.swift */; };
		71BBF1ED23B225E700E69A6C /* Main.storyboard in Resources */ = {isa = PBXBuildFile; fileRef = 71BBF1EB23B225E700E69A6C /* Main.storyboard */; };
		71BBF1EF23B225F900E69A6C /* Assets.xcassets in Resources */ = {isa = PBXBuildFile; fileRef = 71BBF1EE23B225F900E69A6C /* Assets.xcassets */; };
		71BBF1F223B225F900E69A6C /* LaunchScreen.storyboard in Resources */ = {isa = PBXBuildFile; fileRef = 71BBF1F023B225F900E69A6C /* LaunchScreen.storyboard */; };
		71BBF1FD23B225F900E69A6C /* UnitTestingTests.swift in Sources */ = {isa = PBXBuildFile; fileRef = 71BBF1FC23B225F900E69A6C /* UnitTestingTests.swift */; };
		71BBF20823B22A4100E69A6C /* Pokemon.swift in Sources */ = {isa = PBXBuildFile; fileRef = 71BBF20723B22A4100E69A6C /* Pokemon.swift */; };
		71BBF20C23B22BEB00E69A6C /* PokemonTests.swift in Sources */ = {isa = PBXBuildFile; fileRef = 71BBF20B23B22BEB00E69A6C /* PokemonTests.swift */; };
/* End PBXBuildFile section */

/* Begin PBXContainerItemProxy section */
		71BBF1F923B225F900E69A6C /* PBXContainerItemProxy */ = {
			isa = PBXContainerItemProxy;
			containerPortal = 71BBF1DC23B225E600E69A6C /* Project object */;
			proxyType = 1;
			remoteGlobalIDString = 71BBF1E323B225E600E69A6C;
			remoteInfo = UnitTesting;
		};
/* End PBXContainerItemProxy section */

/* Begin PBXFileReference section */
		71BBF1E423B225E600E69A6C /* UnitTesting.app */ = {isa = PBXFileReference; explicitFileType = wrapper.application; includeInIndex = 0; path = UnitTesting.app; sourceTree = BUILT_PRODUCTS_DIR; };
		71BBF1E723B225E700E69A6C /* AppDelegate.swift */ = {isa = PBXFileReference; lastKnownFileType = sourcecode.swift; path = AppDelegate.swift; sourceTree = "<group>"; };
		71BBF1E923B225E700E69A6C /* ViewController.swift */ = {isa = PBXFileReference; lastKnownFileType = sourcecode.swift; path = ViewController.swift; sourceTree = "<group>"; };
		71BBF1EC23B225E700E69A6C /* Base */ = {isa = PBXFileReference; lastKnownFileType = file.storyboard; name = Base; path = Base.lproj/Main.storyboard; sourceTree = "<group>"; };
		71BBF1EE23B225F900E69A6C /* Assets.xcassets */ = {isa = PBXFileReference; lastKnownFileType = folder.assetcatalog; path = Assets.xcassets; sourceTree = "<group>"; };
		71BBF1F123B225F900E69A6C /* Base */ = {isa = PBXFileReference; lastKnownFileType = file.storyboard; name = Base; path = Base.lproj/LaunchScreen.storyboard; sourceTree = "<group>"; };
		71BBF1F323B225F900E69A6C /* Info.plist */ = {isa = PBXFileReference; lastKnownFileType = text.plist.xml; path = Info.plist; sourceTree = "<group>"; };
		71BBF1F823B225F900E69A6C /* UnitTestingTests.xctest */ = {isa = PBXFileReference; explicitFileType = wrapper.cfbundle; includeInIndex = 0; path = UnitTestingTests.xctest; sourceTree = BUILT_PRODUCTS_DIR; };
		71BBF1FC23B225F900E69A6C /* UnitTestingTests.swift */ = {isa = PBXFileReference; lastKnownFileType = sourcecode.swift; path = UnitTestingTests.swift; sourceTree = "<group>"; };
		71BBF1FE23B225F900E69A6C /* Info.plist */ = {isa = PBXFileReference; lastKnownFileType = text.plist.xml; path = Info.plist; sourceTree = "<group>"; };
		71BBF20723B22A4100E69A6C /* Pokemon.swift */ = {isa = PBXFileReference; lastKnownFileType = sourcecode.swift; path = Pokemon.swift; sourceTree = "<group>"; };
		71BBF20B23B22BEB00E69A6C /* PokemonTests.swift */ = {isa = PBXFileReference; lastKnownFileType = sourcecode.swift; path = PokemonTests.swift; sourceTree = "<group>"; };
/* End PBXFileReference section */

/* Begin PBXFrameworksBuildPhase section */
		71BBF1E123B225E600E69A6C /* Frameworks */ = {
			isa = PBXFrameworksBuildPhase;
			buildActionMask = 2147483647;
			files = (
			);
			runOnlyForDeploymentPostprocessing = 0;
		};
		71BBF1F523B225F900E69A6C /* Frameworks */ = {
			isa = PBXFrameworksBuildPhase;
			buildActionMask = 2147483647;
			files = (
			);
			runOnlyForDeploymentPostprocessing = 0;
		};
/* End PBXFrameworksBuildPhase section */

/* Begin PBXGroup section */
		71BBF1DB23B225E600E69A6C = {
			isa = PBXGroup;
			children = (
				71BBF1E623B225E600E69A6C /* UnitTesting */,
				71BBF1FB23B225F900E69A6C /* UnitTestingTests */,
				71BBF1E523B225E600E69A6C /* Products */,
			);
			sourceTree = "<group>";
		};
		71BBF1E523B225E600E69A6C /* Products */ = {
			isa = PBXGroup;
			children = (
				71BBF1E423B225E600E69A6C /* UnitTesting.app */,
				71BBF1F823B225F900E69A6C /* UnitTestingTests.xctest */,
			);
			name = Products;
			sourceTree = "<group>";
		};
		71BBF1E623B225E600E69A6C /* UnitTesting */ = {
			isa = PBXGroup;
			children = (
				71BBF1E723B225E700E69A6C /* AppDelegate.swift */,
				71BBF1E923B225E700E69A6C /* ViewController.swift */,
				71BBF1EB23B225E700E69A6C /* Main.storyboard */,
				71BBF1EE23B225F900E69A6C /* Assets.xcassets */,
				71BBF1F023B225F900E69A6C /* LaunchScreen.storyboard */,
				71BBF1F323B225F900E69A6C /* Info.plist */,
				71BBF20723B22A4100E69A6C /* Pokemon.swift */,
			);
			path = UnitTesting;
			sourceTree = "<group>";
		};
		71BBF1FB23B225F900E69A6C /* UnitTestingTests */ = {
			isa = PBXGroup;
			children = (
				71BBF20B23B22BEB00E69A6C /* PokemonTests.swift */,
				71BBF1FC23B225F900E69A6C /* UnitTestingTests.swift */,
				71BBF1FE23B225F900E69A6C /* Info.plist */,
			);
			path = UnitTestingTests;
			sourceTree = "<group>";
		};
/* End PBXGroup section */

/* Begin PBXNativeTarget section */
		71BBF1E323B225E600E69A6C /* UnitTesting */ = {
			isa = PBXNativeTarget;
			buildConfigurationList = 71BBF20123B225F900E69A6C /* Build configuration list for PBXNativeTarget "UnitTesting" */;
			buildPhases = (
				71BBF1E023B225E600E69A6C /* Sources */,
				71BBF1E123B225E600E69A6C /* Frameworks */,
				71BBF1E223B225E600E69A6C /* Resources */,
			);
			buildRules = (
			);
			dependencies = (
			);
			name = UnitTesting;
			productName = UnitTesting;
			productReference = 71BBF1E423B225E600E69A6C /* UnitTesting.app */;
			productType = "com.apple.product-type.application";
		};
		71BBF1F723B225F900E69A6C /* UnitTestingTests */ = {
			isa = PBXNativeTarget;
			buildConfigurationList = 71BBF20423B225F900E69A6C /* Build configuration list for PBXNativeTarget "UnitTestingTests" */;
			buildPhases = (
				71BBF1F423B225F900E69A6C /* Sources */,
				71BBF1F523B225F900E69A6C /* Frameworks */,
				71BBF1F623B225F900E69A6C /* Resources */,
			);
			buildRules = (
			);
			dependencies = (
				71BBF1FA23B225F900E69A6C /* PBXTargetDependency */,
			);
			name = UnitTestingTests;
			productName = UnitTestingTests;
			productReference = 71BBF1F823B225F900E69A6C /* UnitTestingTests.xctest */;
			productType = "com.apple.product-type.bundle.unit-test";
		};
/* End PBXNativeTarget section */

/* Begin PBXProject section */
		71BBF1DC23B225E600E69A6C /* Project object */ = {
			isa = PBXProject;
			attributes = {
				LastSwiftUpdateCheck = 1010;
				LastUpgradeCheck = 1010;
				ORGANIZATIONNAME = CG;
				TargetAttributes = {
					71BBF1E323B225E600E69A6C = {
						CreatedOnToolsVersion = 10.1;
					};
					71BBF1F723B225F900E69A6C = {
						CreatedOnToolsVersion = 10.1;
						TestTargetID = 71BBF1E323B225E600E69A6C;
					};
				};
			};
			buildConfigurationList = 71BBF1DF23B225E600E69A6C /* Build configuration list for PBXProject "UnitTesting" */;
			compatibilityVersion = "Xcode 9.3";
			developmentRegion = en;
			hasScannedForEncodings = 0;
			knownRegions = (
				en,
				Base,
			);
			mainGroup = 71BBF1DB23B225E600E69A6C;
			productRefGroup = 71BBF1E523B225E600E69A6C /* Products */;
			projectDirPath = "";
			projectRoot = "";
			targets = (
				71BBF1E323B225E600E69A6C /* UnitTesting */,
				71BBF1F723B225F900E69A6C /* UnitTestingTests */,
			);
		};
/* End PBXProject section */

/* Begin PBXResourcesBuildPhase section */
		71BBF1E223B225E600E69A6C /* Resources */ = {
			isa = PBXResourcesBuildPhase;
			buildActionMask = 2147483647;
			files = (
				71BBF1F223B225F900E69A6C /* LaunchScreen.storyboard in Resources */,
				71BBF1EF23B225F900E69A6C /* Assets.xcassets in Resources */,
				71BBF1ED23B225E700E69A6C /* Main.storyboard in Resources */,
			);
			runOnlyForDeploymentPostprocessing = 0;
		};
		71BBF1F623B225F900E69A6C /* Resources */ = {
			isa = PBXResourcesBuildPhase;
			buildActionMask = 2147483647;
			files = (
			);
			runOnlyForDeploymentPostprocessing = 0;
		};
/* End PBXResourcesBuildPhase section */

/* Begin PBXSourcesBuildPhase section */
		71BBF1E023B225E600E69A6C /* Sources */ = {
			isa = PBXSourcesBuildPhase;
			buildActionMask = 2147483647;
			files = (
				71BBF1EA23B225E700E69A6C /* ViewController.swift in Sources */,
				71BBF1E823B225E700E69A6C /* AppDelegate.swift in Sources */,
				71BBF20823B22A4100E69A6C /* Pokemon.swift in Sources */,
			);
			runOnlyForDeploymentPostprocessing = 0;
		};
		71BBF1F423B225F900E69A6C /* Sources */ = {
			isa = PBXSourcesBuildPhase;
			buildActionMask = 2147483647;
			files = (
				71BBF1FD23B225F900E69A6C /* UnitTestingTests.swift in Sources */,
				71BBF20C23B22BEB00E69A6C /* PokemonTests.swift in Sources */,
			);
			runOnlyForDeploymentPostprocessing = 0;
		};
/* End PBXSourcesBuildPhase section */

/* Begin PBXTargetDependency section */
		71BBF1FA23B225F900E69A6C /* PBXTargetDependency */ = {
			isa = PBXTargetDependency;
			target = 71BBF1E323B225E600E69A6C /* UnitTesting */;
			targetProxy = 71BBF1F923B225F900E69A6C /* PBXContainerItemProxy */;
		};
/* End PBXTargetDependency section */

/* Begin PBXVariantGroup section */
		71BBF1EB23B225E700E69A6C /* Main.storyboard */ = {
			isa = PBXVariantGroup;
			children = (
				71BBF1EC23B225E700E69A6C /* Base */,
			);
			name = Main.storyboard;
			sourceTree = "<group>";
		};
		71BBF1F023B225F900E69A6C /* LaunchScreen.storyboard */ = {
			isa = PBXVariantGroup;
			children = (
				71BBF1F123B225F900E69A6C /* Base */,
			);
			name = LaunchScreen.storyboard;
			sourceTree = "<group>";
		};
/* End PBXVariantGroup section */

/* Begin XCBuildConfiguration section */
		71BBF1FF23B225F900E69A6C /* Debug */ = {
			isa = XCBuildConfiguration;
			buildSettings = {
				ALWAYS_SEARCH_USER_PATHS = NO;
				CLANG_ANALYZER_NONNULL = YES;
				CLANG_ANALYZER_NUMBER_OBJECT_CONVERSION = YES_AGGRESSIVE;
				CLANG_CXX_LANGUAGE_STANDARD = "gnu++14";
				CLANG_CXX_LIBRARY = "libc++";
				CLANG_ENABLE_MODULES = YES;
				CLANG_ENABLE_OBJC_ARC = YES;
				CLANG_ENABLE_OBJC_WEAK = YES;
				CLANG_WARN_BLOCK_CAPTURE_AUTORELEASING = YES;
				CLANG_WARN_BOOL_CONVERSION = YES;
				CLANG_WARN_COMMA = YES;
				CLANG_WARN_CONSTANT_CONVERSION = YES;
				CLANG_WARN_DEPRECATED_OBJC_IMPLEMENTATIONS = YES;
				CLANG_WARN_DIRECT_OBJC_ISA_USAGE = YES_ERROR;
				CLANG_WARN_DOCUMENTATION_COMMENTS = YES;
				CLANG_WARN_EMPTY_BODY = YES;
				CLANG_WARN_ENUM_CONVERSION = YES;
				CLANG_WARN_INFINITE_RECURSION = YES;
				CLANG_WARN_INT_CONVERSION = YES;
				CLANG_WARN_NON_LITERAL_NULL_CONVERSION = YES;
				CLANG_WARN_OBJC_IMPLICIT_RETAIN_SELF = YES;
				CLANG_WARN_OBJC_LITERAL_CONVERSION = YES;
				CLANG_WARN_OBJC_ROOT_CLASS = YES_ERROR;
				CLANG_WARN_RANGE_LOOP_ANALYSIS = YES;
				CLANG_WARN_STRICT_PROTOTYPES = YES;
				CLANG_WARN_SUSPICIOUS_MOVE = YES;
				CLANG_WARN_UNGUARDED_AVAILABILITY = YES_AGGRESSIVE;
				CLANG_WARN_UNREACHABLE_CODE = YES;
				CLANG_WARN__DUPLICATE_METHOD_MATCH = YES;
				CODE_SIGN_IDENTITY = "iPhone Developer";
				COPY_PHASE_STRIP = NO;
				DEBUG_INFORMATION_FORMAT = dwarf;
				ENABLE_STRICT_OBJC_MSGSEND = YES;
				ENABLE_TESTABILITY = YES;
				GCC_C_LANGUAGE_STANDARD = gnu11;
				GCC_DYNAMIC_NO_PIC = NO;
				GCC_NO_COMMON_BLOCKS = YES;
				GCC_OPTIMIZATION_LEVEL = 0;
				GCC_PREPROCESSOR_DEFINITIONS = (
					"DEBUG=1",
					"$(inherited)",
				);
				GCC_WARN_64_TO_32_BIT_CONVERSION = YES;
				GCC_WARN_ABOUT_RETURN_TYPE = YES_ERROR;
				GCC_WARN_UNDECLARED_SELECTOR = YES;
				GCC_WARN_UNINITIALIZED_AUTOS = YES_AGGRESSIVE;
				GCC_WARN_UNUSED_FUNCTION = YES;
				GCC_WARN_UNUSED_VARIABLE = YES;
				IPHONEOS_DEPLOYMENT_TARGET = 12.1;
				MTL_ENABLE_DEBUG_INFO = INCLUDE_SOURCE;
				MTL_FAST_MATH = YES;
				ONLY_ACTIVE_ARCH = YES;
				SDKROOT = iphoneos;
				SWIFT_ACTIVE_COMPILATION_CONDITIONS = DEBUG;
				SWIFT_OPTIMIZATION_LEVEL = "-Onone";
			};
			name = Debug;
		};
		71BBF20023B225F900E69A6C /* Release */ = {
			isa = XCBuildConfiguration;
			buildSettings = {
				ALWAYS_SEARCH_USER_PATHS = NO;
				CLANG_ANALYZER_NONNULL = YES;
				CLANG_ANALYZER_NUMBER_OBJECT_CONVERSION = YES_AGGRESSIVE;
				CLANG_CXX_LANGUAGE_STANDARD = "gnu++14";
				CLANG_CXX_LIBRARY = "libc++";
				CLANG_ENABLE_MODULES = YES;
				CLANG_ENABLE_OBJC_ARC = YES;
				CLANG_ENABLE_OBJC_WEAK = YES;
				CLANG_WARN_BLOCK_CAPTURE_AUTORELEASING = YES;
				CLANG_WARN_BOOL_CONVERSION = YES;
				CLANG_WARN_COMMA = YES;
				CLANG_WARN_CONSTANT_CONVERSION = YES;
				CLANG_WARN_DEPRECATED_OBJC_IMPLEMENTATIONS = YES;
				CLANG_WARN_DIRECT_OBJC_ISA_USAGE = YES_ERROR;
				CLANG_WARN_DOCUMENTATION_COMMENTS = YES;
				CLANG_WARN_EMPTY_BODY = YES;
				CLANG_WARN_ENUM_CONVERSION = YES;
				CLANG_WARN_INFINITE_RECURSION = YES;
				CLANG_WARN_INT_CONVERSION = YES;
				CLANG_WARN_NON_LITERAL_NULL_CONVERSION = YES;
				CLANG_WARN_OBJC_IMPLICIT_RETAIN_SELF = YES;
				CLANG_WARN_OBJC_LITERAL_CONVERSION = YES;
				CLANG_WARN_OBJC_ROOT_CLASS = YES_ERROR;
				CLANG_WARN_RANGE_LOOP_ANALYSIS = YES;
				CLANG_WARN_STRICT_PROTOTYPES = YES;
				CLANG_WARN_SUSPICIOUS_MOVE = YES;
				CLANG_WARN_UNGUARDED_AVAILABILITY = YES_AGGRESSIVE;
				CLANG_WARN_UNREACHABLE_CODE = YES;
				CLANG_WARN__DUPLICATE_METHOD_MATCH = YES;
				CODE_SIGN_IDENTITY = "iPhone Developer";
				COPY_PHASE_STRIP = NO;
				DEBUG_INFORMATION_FORMAT = "dwarf-with-dsym";
				ENABLE_NS_ASSERTIONS = NO;
				ENABLE_STRICT_OBJC_MSGSEND = YES;
				GCC_C_LANGUAGE_STANDARD = gnu11;
				GCC_NO_COMMON_BLOCKS = YES;
				GCC_WARN_64_TO_32_BIT_CONVERSION = YES;
				GCC_WARN_ABOUT_RETURN_TYPE = YES_ERROR;
				GCC_WARN_UNDECLARED_SELECTOR = YES;
				GCC_WARN_UNINITIALIZED_AUTOS = YES_AGGRESSIVE;
				GCC_WARN_UNUSED_FUNCTION = YES;
				GCC_WARN_UNUSED_VARIABLE = YES;
				IPHONEOS_DEPLOYMENT_TARGET = 12.1;
				MTL_ENABLE_DEBUG_INFO = NO;
				MTL_FAST_MATH = YES;
				SDKROOT = iphoneos;
				SWIFT_COMPILATION_MODE = wholemodule;
				SWIFT_OPTIMIZATION_LEVEL = "-O";
				VALIDATE_PRODUCT = YES;
			};
			name = Release;
		};
		71BBF20223B225F900E69A6C /* Debug */ = {
			isa = XCBuildConfiguration;
			buildSettings = {
				ASSETCATALOG_COMPILER_APPICON_NAME = AppIcon;
				CODE_SIGN_STYLE = Automatic;
				INFOPLIST_FILE = UnitTesting/Info.plist;
				LD_RUNPATH_SEARCH_PATHS = (
					"$(inherited)",
					"@executable_path/Frameworks",
				);
				PRODUCT_BUNDLE_IDENTIFIER = com.cg.UnitTesting;
				PRODUCT_NAME = "$(TARGET_NAME)";
				SWIFT_VERSION = 4.2;
				TARGETED_DEVICE_FAMILY = "1,2";
			};
			name = Debug;
		};
		71BBF20323B225F900E69A6C /* Release */ = {
			isa = XCBuildConfiguration;
			buildSettings = {
				ASSETCATALOG_COMPILER_APPICON_NAME = AppIcon;
				CODE_SIGN_STYLE = Automatic;
				INFOPLIST_FILE = UnitTesting/Info.plist;
				LD_RUNPATH_SEARCH_PATHS = (
					"$(inherited)",
					"@executable_path/Frameworks",
				);
				PRODUCT_BUNDLE_IDENTIFIER = com.cg.UnitTesting;
				PRODUCT_NAME = "$(TARGET_NAME)";
				SWIFT_VERSION = 4.2;
				TARGETED_DEVICE_FAMILY = "1,2";
			};
			name = Release;
		};
		71BBF20523B225F900E69A6C /* Debug */ = {
			isa = XCBuildConfiguration;
			buildSettings = {
				ALWAYS_EMBED_SWIFT_STANDARD_LIBRARIES = YES;
				BUNDLE_LOADER = "$(TEST_HOST)";
				CODE_SIGN_STYLE = Automatic;
				INFOPLIST_FILE = UnitTestingTests/Info.plist;
				LD_RUNPATH_SEARCH_PATHS = (
					"$(inherited)",
					"@executable_path/Frameworks",
					"@loader_path/Frameworks",
				);
				PRODUCT_BUNDLE_IDENTIFIER = com.cg.UnitTestingTests;
				PRODUCT_NAME = "$(TARGET_NAME)";
				SWIFT_VERSION = 4.2;
				TARGETED_DEVICE_FAMILY = "1,2";
				TEST_HOST = "$(BUILT_PRODUCTS_DIR)/UnitTesting.app/UnitTesting";
			};
			name = Debug;
		};
		71BBF20623B225F900E69A6C /* Release */ = {
			isa = XCBuildConfiguration;
			buildSettings = {
				ALWAYS_EMBED_SWIFT_STANDARD_LIBRARIES = YES;
				BUNDLE_LOADER = "$(TEST_HOST)";
				CODE_SIGN_STYLE = Automatic;
				INFOPLIST_FILE = UnitTestingTests/Info.plist;
				LD_RUNPATH_SEARCH_PATHS = (
					"$(inherited)",
					"@executable_path/Frameworks",
					"@loader_path/Frameworks",
				);
				PRODUCT_BUNDLE_IDENTIFIER = com.cg.UnitTestingTests;
				PRODUCT_NAME = "$(TARGET_NAME)";
				SWIFT_VERSION = 4.2;
				TARGETED_DEVICE_FAMILY = "1,2";
				TEST_HOST = "$(BUILT_PRODUCTS_DIR)/UnitTesting.app/UnitTesting";
			};
			name = Release;
		};
/* End XCBuildConfiguration section */

/* Begin XCConfigurationList section */
		71BBF1DF23B225E600E69A6C /* Build configuration list for PBXProject "UnitTesting" */ = {
			isa = XCConfigurationList;
			buildConfigurations = (
				71BBF1FF23B225F900E69A6C /* Debug */,
				71BBF20023B225F900E69A6C /* Release */,
			);
			defaultConfigurationIsVisible = 0;
			defaultConfigurationName = Release;
		};
		71BBF20123B225F900E69A6C /* Build configuration list for PBXNativeTarget "UnitTesting" */ = {
			isa = XCConfigurationList;
			buildConfigurations = (
				71BBF20223B225F900E69A6C /* Debug */,
				71BBF20323B225F900E69A6C /* Release */,
			);
			defaultConfigurationIsVisible = 0;
			defaultConfigurationName = Release;
		};
		71BBF20423B225F900E69A6C /* Build configuration list for PBXNativeTarget "UnitTestingTests" */ = {
			isa = XCConfigurationList;
			buildConfigurations = (
				71BBF20523B225F900E69A6C /* Debug */,
				71BBF20623B225F900E69A6C /* Release */,
			);
			defaultConfigurationIsVisible = 0;
			defaultConfigurationName = Release;
		};
/* End XCConfigurationList section */
	};
	rootObject = 71BBF1DC23B225E600E69A6C /* Project object */;
}
